
Microsoft Visual Studio Solution File, Format Version 12.00
# Visual Studio Version 17
VisualStudioVersion = 17.1.32228.430
MinimumVisualStudioVersion = 10.0.40219.1
Project("{FAE04EC0-301F-11D3-BF4B-00C04F79EFBC}") = "IndexOpgave2", "IndexOpgave2\IndexOpgave2.csproj", "{A48C17EA-263C-457A-918C-5096356887EA}"
EndProject
Global
	GlobalSection(SolutionConfigurationPlatforms) = preSolution
		Debug|Any CPU = Debug|Any CPU
		Release|Any CPU = Release|Any CPU
	EndGlobalSection
	GlobalSection(ProjectConfigurationPlatforms) = postSolution
		{A48C17EA-263C-457A-918C-5096356887EA}.Debug|Any CPU.ActiveCfg = Debug|Any CPU
		{A48C17EA-263C-457A-918C-5096356887EA}.Debug|Any CPU.Build.0 = Debug|Any CPU
		{A48C17EA-263C-457A-918C-5096356887EA}.Release|Any CPU.ActiveCfg = Release|Any CPU
		{A48C17EA-263C-457A-918C-5096356887EA}.Release|Any CPU.Build.0 = Release|Any CPU
	EndGlobalSection
	GlobalSection(SolutionProperties) = preSolution
		HideSolutionNode = FALSE
	EndGlobalSection
	GlobalSection(ExtensibilityGlobals) = postSolution
		SolutionGuid = {631CFF9F-FA1C-45C5-A22C-5B5A1A61940C}
	EndGlobalSection
EndGlobal
