
Microsoft Visual Studio Solution File, Format Version 12.00
# Visual Studio Version 17
VisualStudioVersion = 17.1.32210.238
MinimumVisualStudioVersion = 10.0.40219.1
Project("{9A19103F-16F7-4668-BE54-9A1E7A4F7556}") = "Platformservice", "Platformservice\Platformservice.csproj", "{3DF188DB-0AAC-4209-8BED-E7638DCD051D}"
EndProject
Project("{FAE04EC0-301F-11D3-BF4B-00C04F79EFBC}") = "CommandsService", "CommandsService\CommandsService.csproj", "{D036BA4F-246F-41B7-87C2-68A39BAFAA35}"
EndProject
Global
	GlobalSection(SolutionConfigurationPlatforms) = preSolution
		Debug|Any CPU = Debug|Any CPU
		Release|Any CPU = Release|Any CPU
	EndGlobalSection
	GlobalSection(ProjectConfigurationPlatforms) = postSolution
		{3DF188DB-0AAC-4209-8BED-E7638DCD051D}.Debug|Any CPU.ActiveCfg = Debug|Any CPU
		{3DF188DB-0AAC-4209-8BED-E7638DCD051D}.Debug|Any CPU.Build.0 = Debug|Any CPU
		{3DF188DB-0AAC-4209-8BED-E7638DCD051D}.Release|Any CPU.ActiveCfg = Release|Any CPU
		{3DF188DB-0AAC-4209-8BED-E7638DCD051D}.Release|Any CPU.Build.0 = Release|Any CPU
		{D036BA4F-246F-41B7-87C2-68A39BAFAA35}.Debug|Any CPU.ActiveCfg = Debug|Any CPU
		{D036BA4F-246F-41B7-87C2-68A39BAFAA35}.Debug|Any CPU.Build.0 = Debug|Any CPU
		{D036BA4F-246F-41B7-87C2-68A39BAFAA35}.Release|Any CPU.ActiveCfg = Release|Any CPU
		{D036BA4F-246F-41B7-87C2-68A39BAFAA35}.Release|Any CPU.Build.0 = Release|Any CPU
	EndGlobalSection
	GlobalSection(SolutionProperties) = preSolution
		HideSolutionNode = FALSE
	EndGlobalSection
	GlobalSection(ExtensibilityGlobals) = postSolution
		SolutionGuid = {C66F5257-1C42-437F-A954-4CDD011C0C7B}
	EndGlobalSection
EndGlobal
